
Microsoft Visual Studio Solution File, Format Version 12.00
# Visual Studio Version 17
VisualStudioVersion = 17.9.34622.214
MinimumVisualStudioVersion = 10.0.40219.1
Project("{FAE04EC0-301F-11D3-BF4B-00C04F79EFBC}") = "controle", "controle.csproj", "{A88E5BDE-4DC5-4118-9D03-CF6441798496}"
EndProject
Global
	GlobalSection(SolutionConfigurationPlatforms) = preSolution
		Debug|Any CPU = Debug|Any CPU
		Release|Any CPU = Release|Any CPU
	EndGlobalSection
	GlobalSection(ProjectConfigurationPlatforms) = postSolution
		{A88E5BDE-4DC5-4118-9D03-CF6441798496}.Debug|Any CPU.ActiveCfg = Debug|Any CPU
		{A88E5BDE-4DC5-4118-9D03-CF6441798496}.Debug|Any CPU.Build.0 = Debug|Any CPU
		{A88E5BDE-4DC5-4118-9D03-CF6441798496}.Release|Any CPU.ActiveCfg = Release|Any CPU
		{A88E5BDE-4DC5-4118-9D03-CF6441798496}.Release|Any CPU.Build.0 = Release|Any CPU
	EndGlobalSection
	GlobalSection(SolutionProperties) = preSolution
		HideSolutionNode = FALSE
	EndGlobalSection
	GlobalSection(ExtensibilityGlobals) = postSolution
		SolutionGuid = {2CDDD029-D4B4-4690-8D34-E4FAFC3F0594}
	EndGlobalSection
EndGlobal
